
Microsoft Visual Studio Solution File, Format Version 12.00
# Visual Studio 15
VisualStudioVersion = 15.0.27130.2010
MinimumVisualStudioVersion = 10.0.40219.1
Project("{FAE04EC0-301F-11D3-BF4B-00C04F79EFBC}") = "WebApp", "WebApp.csproj", "{EDB2BD8D-3ED2-48CE-8277-D2A6356BE832}"
EndProject
Global
	GlobalSection(SolutionConfigurationPlatforms) = preSolution
		Debug|Any CPU = Debug|Any CPU
		Release|Any CPU = Release|Any CPU
	EndGlobalSection
	GlobalSection(ProjectConfigurationPlatforms) = postSolution
		{EDB2BD8D-3ED2-48CE-8277-D2A6356BE832}.Debug|Any CPU.ActiveCfg = Debug|Any CPU
		{EDB2BD8D-3ED2-48CE-8277-D2A6356BE832}.Debug|Any CPU.Build.0 = Debug|Any CPU
		{EDB2BD8D-3ED2-48CE-8277-D2A6356BE832}.Release|Any CPU.ActiveCfg = Release|Any CPU
		{EDB2BD8D-3ED2-48CE-8277-D2A6356BE832}.Release|Any CPU.Build.0 = Release|Any CPU
	EndGlobalSection
	GlobalSection(SolutionProperties) = preSolution
		HideSolutionNode = FALSE
	EndGlobalSection
	GlobalSection(ExtensibilityGlobals) = postSolution
		SolutionGuid = {C9D85E49-DEA9-4718-BE52-F9343F6159C3}
	EndGlobalSection
EndGlobal
